
Microsoft Visual Studio Solution File, Format Version 12.00
# Visual Studio Version 16
VisualStudioVersion = 16.0.808.10
MinimumVisualStudioVersion = 10.0.40219.1
Project("{FAE04EC0-301F-11D3-BF4B-00C04F79EFBC}") = "ChildrenCheckIn", "ChildrenCheckIn\ChildrenCheckIn.csproj", "{5AF2A2B2-7127-4F6C-853D-3EBA1BC04401}"
EndProject
Global
	GlobalSection(SolutionConfigurationPlatforms) = preSolution
		Debug|Any CPU = Debug|Any CPU
		Release|Any CPU = Release|Any CPU
	EndGlobalSection
	GlobalSection(ProjectConfigurationPlatforms) = postSolution
		{5AF2A2B2-7127-4F6C-853D-3EBA1BC04401}.Debug|Any CPU.ActiveCfg = Debug|Any CPU
		{5AF2A2B2-7127-4F6C-853D-3EBA1BC04401}.Debug|Any CPU.Build.0 = Debug|Any CPU
		{5AF2A2B2-7127-4F6C-853D-3EBA1BC04401}.Release|Any CPU.ActiveCfg = Release|Any CPU
		{5AF2A2B2-7127-4F6C-853D-3EBA1BC04401}.Release|Any CPU.Build.0 = Release|Any CPU
	EndGlobalSection
	GlobalSection(SolutionProperties) = preSolution
		HideSolutionNode = FALSE
	EndGlobalSection
	GlobalSection(ExtensibilityGlobals) = postSolution
		SolutionGuid = {E60A9A0A-4128-4DBB-ACD2-CDE5D8B24A9D}
	EndGlobalSection
EndGlobal
